
Microsoft Visual Studio Solution File, Format Version 12.00
# Visual Studio Version 17
VisualStudioVersion = 17.4.33122.133
MinimumVisualStudioVersion = 10.0.40219.1
Project("{8BC9CEB8-8B4A-11D0-8D11-00A0C91BC942}") = "kdmapper", "kdmapper_lib\kdmapper\kdmapper.vcxproj", "{518E0636-BA8F-459D-ACAC-81BD33475E3E}"
EndProject
Project("{8BC9CEB8-8B4A-11D0-8D11-00A0C91BC942}") = "Pdbparser", "Pdbparser\Pdbparser.vcxproj", "{E00C691A-12FF-45E0-AC0A-4CC80DAD2D78}"
EndProject
Project("{8BC9CEB8-8B4A-11D0-8D11-00A0C91BC942}") = "physmeme_lib", "phymeme_lib\physmeme_lib.vcxproj", "{13FFA531-AD46-46F8-B52D-4A01BA078034}"
EndProject
Project("{8BC9CEB8-8B4A-11D0-8D11-00A0C91BC942}") = "SKLib-v", "SKLib-v\SKLib-v.vcxproj", "{64D50B5F-55D6-4F58-B6A8-0BF0D40B1500}"
	ProjectSection(ProjectDependencies) = postProject
		{780FD52C-B046-4AFF-95F9-F6778247D26E} = {780FD52C-B046-4AFF-95F9-F6778247D26E}
	EndProjectSection
EndProject
Project("{8BC9CEB8-8B4A-11D0-8D11-00A0C91BC942}") = "SKLib", "SKLib\SKLib.vcxproj", "{780FD52C-B046-4AFF-95F9-F6778247D26E}"
EndProject
Global
	GlobalSection(SolutionConfigurationPlatforms) = preSolution
		Release|ARM64 = Release|ARM64
		Release|x64 = Release|x64
		Release|x86 = Release|x86
		ReleaseWithSpoofer|ARM64 = ReleaseWithSpoofer|ARM64
		ReleaseWithSpoofer|x64 = ReleaseWithSpoofer|x64
		ReleaseWithSpoofer|x86 = ReleaseWithSpoofer|x86
	EndGlobalSection
	GlobalSection(ProjectConfigurationPlatforms) = postSolution
		{518E0636-BA8F-459D-ACAC-81BD33475E3E}.Release|ARM64.ActiveCfg = Release|x64
		{518E0636-BA8F-459D-ACAC-81BD33475E3E}.Release|ARM64.Build.0 = Release|x64
		{518E0636-BA8F-459D-ACAC-81BD33475E3E}.Release|x64.ActiveCfg = Release|x64
		{518E0636-BA8F-459D-ACAC-81BD33475E3E}.Release|x64.Build.0 = Release|x64
		{518E0636-BA8F-459D-ACAC-81BD33475E3E}.Release|x86.ActiveCfg = Release|x64
		{518E0636-BA8F-459D-ACAC-81BD33475E3E}.Release|x86.Build.0 = Release|x64
		{518E0636-BA8F-459D-ACAC-81BD33475E3E}.ReleaseWithSpoofer|ARM64.ActiveCfg = ReleaseWithSpoofer|x64
		{518E0636-BA8F-459D-ACAC-81BD33475E3E}.ReleaseWithSpoofer|ARM64.Build.0 = ReleaseWithSpoofer|x64
		{518E0636-BA8F-459D-ACAC-81BD33475E3E}.ReleaseWithSpoofer|x64.ActiveCfg = ReleaseWithSpoofer|x64
		{518E0636-BA8F-459D-ACAC-81BD33475E3E}.ReleaseWithSpoofer|x64.Build.0 = ReleaseWithSpoofer|x64
		{518E0636-BA8F-459D-ACAC-81BD33475E3E}.ReleaseWithSpoofer|x86.ActiveCfg = ReleaseWithSpoofer|x64
		{518E0636-BA8F-459D-ACAC-81BD33475E3E}.ReleaseWithSpoofer|x86.Build.0 = ReleaseWithSpoofer|x64
		{E00C691A-12FF-45E0-AC0A-4CC80DAD2D78}.Release|ARM64.ActiveCfg = Release|x64
		{E00C691A-12FF-45E0-AC0A-4CC80DAD2D78}.Release|ARM64.Build.0 = Release|x64
		{E00C691A-12FF-45E0-AC0A-4CC80DAD2D78}.Release|x64.ActiveCfg = Release|x64
		{E00C691A-12FF-45E0-AC0A-4CC80DAD2D78}.Release|x64.Build.0 = Release|x64
		{E00C691A-12FF-45E0-AC0A-4CC80DAD2D78}.Release|x86.ActiveCfg = Release|Win32
		{E00C691A-12FF-45E0-AC0A-4CC80DAD2D78}.Release|x86.Build.0 = Release|Win32
		{E00C691A-12FF-45E0-AC0A-4CC80DAD2D78}.ReleaseWithSpoofer|ARM64.ActiveCfg = ReleaseWithSpoofer|x64
		{E00C691A-12FF-45E0-AC0A-4CC80DAD2D78}.ReleaseWithSpoofer|ARM64.Build.0 = ReleaseWithSpoofer|x64
		{E00C691A-12FF-45E0-AC0A-4CC80DAD2D78}.ReleaseWithSpoofer|x64.ActiveCfg = ReleaseWithSpoofer|x64
		{E00C691A-12FF-45E0-AC0A-4CC80DAD2D78}.ReleaseWithSpoofer|x64.Build.0 = ReleaseWithSpoofer|x64
		{E00C691A-12FF-45E0-AC0A-4CC80DAD2D78}.ReleaseWithSpoofer|x86.ActiveCfg = ReleaseWithSpoofer|Win32
		{E00C691A-12FF-45E0-AC0A-4CC80DAD2D78}.ReleaseWithSpoofer|x86.Build.0 = ReleaseWithSpoofer|Win32
		{13FFA531-AD46-46F8-B52D-4A01BA078034}.Release|ARM64.ActiveCfg = Release|x64
		{13FFA531-AD46-46F8-B52D-4A01BA078034}.Release|ARM64.Build.0 = Release|x64
		{13FFA531-AD46-46F8-B52D-4A01BA078034}.Release|x64.ActiveCfg = Release|x64
		{13FFA531-AD46-46F8-B52D-4A01BA078034}.Release|x64.Build.0 = Release|x64
		{13FFA531-AD46-46F8-B52D-4A01BA078034}.Release|x86.ActiveCfg = Release|Win32
		{13FFA531-AD46-46F8-B52D-4A01BA078034}.Release|x86.Build.0 = Release|Win32
		{13FFA531-AD46-46F8-B52D-4A01BA078034}.ReleaseWithSpoofer|ARM64.ActiveCfg = Release|x64
		{13FFA531-AD46-46F8-B52D-4A01BA078034}.ReleaseWithSpoofer|ARM64.Build.0 = Release|x64
		{13FFA531-AD46-46F8-B52D-4A01BA078034}.ReleaseWithSpoofer|x64.ActiveCfg = Release|x64
		{13FFA531-AD46-46F8-B52D-4A01BA078034}.ReleaseWithSpoofer|x64.Build.0 = Release|x64
		{13FFA531-AD46-46F8-B52D-4A01BA078034}.ReleaseWithSpoofer|x86.ActiveCfg = Release|Win32
		{13FFA531-AD46-46F8-B52D-4A01BA078034}.ReleaseWithSpoofer|x86.Build.0 = Release|Win32
		{64D50B5F-55D6-4F58-B6A8-0BF0D40B1500}.Release|ARM64.ActiveCfg = Release|x64
		{64D50B5F-55D6-4F58-B6A8-0BF0D40B1500}.Release|ARM64.Build.0 = Release|x64
		{64D50B5F-55D6-4F58-B6A8-0BF0D40B1500}.Release|x64.ActiveCfg = Release|x64
		{64D50B5F-55D6-4F58-B6A8-0BF0D40B1500}.Release|x64.Build.0 = Release|x64
		{64D50B5F-55D6-4F58-B6A8-0BF0D40B1500}.Release|x86.ActiveCfg = Release|Win32
		{64D50B5F-55D6-4F58-B6A8-0BF0D40B1500}.Release|x86.Build.0 = Release|Win32
		{64D50B5F-55D6-4F58-B6A8-0BF0D40B1500}.ReleaseWithSpoofer|ARM64.ActiveCfg = Release|x64
		{64D50B5F-55D6-4F58-B6A8-0BF0D40B1500}.ReleaseWithSpoofer|ARM64.Build.0 = Release|x64
		{64D50B5F-55D6-4F58-B6A8-0BF0D40B1500}.ReleaseWithSpoofer|x64.ActiveCfg = Release|x64
		{64D50B5F-55D6-4F58-B6A8-0BF0D40B1500}.ReleaseWithSpoofer|x64.Build.0 = Release|x64
		{64D50B5F-55D6-4F58-B6A8-0BF0D40B1500}.ReleaseWithSpoofer|x86.ActiveCfg = Release|Win32
		{64D50B5F-55D6-4F58-B6A8-0BF0D40B1500}.ReleaseWithSpoofer|x86.Build.0 = Release|Win32
		{780FD52C-B046-4AFF-95F9-F6778247D26E}.Release|ARM64.ActiveCfg = Release|x64
		{780FD52C-B046-4AFF-95F9-F6778247D26E}.Release|ARM64.Build.0 = Release|x64
		{780FD52C-B046-4AFF-95F9-F6778247D26E}.Release|x64.ActiveCfg = Release|x64
		{780FD52C-B046-4AFF-95F9-F6778247D26E}.Release|x64.Build.0 = Release|x64
		{780FD52C-B046-4AFF-95F9-F6778247D26E}.Release|x86.ActiveCfg = Release|x64
		{780FD52C-B046-4AFF-95F9-F6778247D26E}.Release|x86.Build.0 = Release|x64
		{780FD52C-B046-4AFF-95F9-F6778247D26E}.ReleaseWithSpoofer|ARM64.ActiveCfg = ReleaseWithSpoofer|x64
		{780FD52C-B046-4AFF-95F9-F6778247D26E}.ReleaseWithSpoofer|ARM64.Build.0 = ReleaseWithSpoofer|x64
		{780FD52C-B046-4AFF-95F9-F6778247D26E}.ReleaseWithSpoofer|x64.ActiveCfg = ReleaseWithSpoofer|x64
		{780FD52C-B046-4AFF-95F9-F6778247D26E}.ReleaseWithSpoofer|x64.Build.0 = ReleaseWithSpoofer|x64
		{780FD52C-B046-4AFF-95F9-F6778247D26E}.ReleaseWithSpoofer|x86.ActiveCfg = ReleaseWithSpoofer|x64
		{780FD52C-B046-4AFF-95F9-F6778247D26E}.ReleaseWithSpoofer|x86.Build.0 = ReleaseWithSpoofer|x64
	EndGlobalSection
	GlobalSection(SolutionProperties) = preSolution
		HideSolutionNode = FALSE
	EndGlobalSection
	GlobalSection(ExtensibilityGlobals) = postSolution
		SolutionGuid = {80EEFEA5-C8AE-4027-83B3-0486AEFFCB23}
	EndGlobalSection
EndGlobal
